# THIS IS AN AUTOGENERATED FILE. DO NOT EDIT THIS FILE DIRECTLY.
# yarn lockfile v1


react-icons@^5.5.0:
  version "5.5.0"
  resolved "https://registry.yarnpkg.com/react-icons/-/react-icons-5.5.0.tgz#8aa25d3543ff84231685d3331164c00299cdfaf2"
  integrity sha512-MEFcXdkP3dLo8uumGI5xN3lDFNsRtrjbOEKDLD7yv76v4wpnEq2Lt2qeHaQOr34I/wPN3s3+N08WkQ+CW37Xiw==
